
Microsoft Visual Studio Solution File, Format Version 12.00
# Visual Studio 15
VisualStudioVersion = 15.0.28307.757
MinimumVisualStudioVersion = 10.0.40219.1
Project("{FAE04EC0-301F-11D3-BF4B-00C04F79EFBC}") = "WindowsRegistryManager", "WindowsRegistrymanager\WindowsRegistryManager.csproj", "{2372C5AE-FE4C-4DED-9071-5AE3753D9881}"
EndProject
Project("{FAE04EC0-301F-11D3-BF4B-00C04F79EFBC}") = "WindowsRegistryTest", "WindowsRegistryTest\WindowsRegistryTest.csproj", "{F6844C51-CC9B-4763-9BF2-FD55D8293E0F}"
EndProject
Global
	GlobalSection(SolutionConfigurationPlatforms) = preSolution
		Debug|Any CPU = Debug|Any CPU
		Release|Any CPU = Release|Any CPU
	EndGlobalSection
	GlobalSection(ProjectConfigurationPlatforms) = postSolution
		{2372C5AE-FE4C-4DED-9071-5AE3753D9881}.Debug|Any CPU.ActiveCfg = Debug|Any CPU
		{2372C5AE-FE4C-4DED-9071-5AE3753D9881}.Debug|Any CPU.Build.0 = Debug|Any CPU
		{2372C5AE-FE4C-4DED-9071-5AE3753D9881}.Release|Any CPU.ActiveCfg = Release|Any CPU
		{2372C5AE-FE4C-4DED-9071-5AE3753D9881}.Release|Any CPU.Build.0 = Release|Any CPU
		{F6844C51-CC9B-4763-9BF2-FD55D8293E0F}.Debug|Any CPU.ActiveCfg = Debug|Any CPU
		{F6844C51-CC9B-4763-9BF2-FD55D8293E0F}.Debug|Any CPU.Build.0 = Debug|Any CPU
		{F6844C51-CC9B-4763-9BF2-FD55D8293E0F}.Release|Any CPU.ActiveCfg = Release|Any CPU
		{F6844C51-CC9B-4763-9BF2-FD55D8293E0F}.Release|Any CPU.Build.0 = Release|Any CPU
	EndGlobalSection
	GlobalSection(SolutionProperties) = preSolution
		HideSolutionNode = FALSE
	EndGlobalSection
	GlobalSection(ExtensibilityGlobals) = postSolution
		SolutionGuid = {6505100C-64FB-4C0D-BAD4-0064C5F17247}
	EndGlobalSection
EndGlobal
